
Microsoft Visual Studio Solution File, Format Version 12.00
# Visual Studio Version 17
VisualStudioVersion = 17.14.36212.18
MinimumVisualStudioVersion = 10.0.40219.1
Project("{FAE04EC0-301F-11D3-BF4B-00C04F79EFBC}") = "enigma-simulator", "enigma-simulator\enigma-simulator.csproj", "{1EB6CA6B-599D-49F9-820F-3EF9FE5B5B46}"
EndProject
Global
	GlobalSection(SolutionConfigurationPlatforms) = preSolution
		Debug|Any CPU = Debug|Any CPU
		Release|Any CPU = Release|Any CPU
	EndGlobalSection
	GlobalSection(ProjectConfigurationPlatforms) = postSolution
		{1EB6CA6B-599D-49F9-820F-3EF9FE5B5B46}.Debug|Any CPU.ActiveCfg = Debug|Any CPU
		{1EB6CA6B-599D-49F9-820F-3EF9FE5B5B46}.Debug|Any CPU.Build.0 = Debug|Any CPU
		{1EB6CA6B-599D-49F9-820F-3EF9FE5B5B46}.Release|Any CPU.ActiveCfg = Release|Any CPU
		{1EB6CA6B-599D-49F9-820F-3EF9FE5B5B46}.Release|Any CPU.Build.0 = Release|Any CPU
	EndGlobalSection
	GlobalSection(SolutionProperties) = preSolution
		HideSolutionNode = FALSE
	EndGlobalSection
	GlobalSection(ExtensibilityGlobals) = postSolution
		SolutionGuid = {E481519C-4672-42EF-90DF-3CFD97F655BC}
	EndGlobalSection
EndGlobal
